
Microsoft Visual Studio Solution File, Format Version 12.00
# Visual Studio 15
VisualStudioVersion = 15.0.28307.1082
MinimumVisualStudioVersion = 10.0.40219.1
Project("{FAE04EC0-301F-11D3-BF4B-00C04F79EFBC}") = "MachineLearningForKids", "MachineLearningForKids\MachineLearningForKids.csproj", "{75D4E3D7-A77C-445A-B120-0BA3E3AA53DA}"
EndProject
Global
	GlobalSection(SolutionConfigurationPlatforms) = preSolution
		Debug|Any CPU = Debug|Any CPU
		Release|Any CPU = Release|Any CPU
	EndGlobalSection
	GlobalSection(ProjectConfigurationPlatforms) = postSolution
		{75D4E3D7-A77C-445A-B120-0BA3E3AA53DA}.Debug|Any CPU.ActiveCfg = Debug|Any CPU
		{75D4E3D7-A77C-445A-B120-0BA3E3AA53DA}.Debug|Any CPU.Build.0 = Debug|Any CPU
		{75D4E3D7-A77C-445A-B120-0BA3E3AA53DA}.Release|Any CPU.ActiveCfg = Release|Any CPU
		{75D4E3D7-A77C-445A-B120-0BA3E3AA53DA}.Release|Any CPU.Build.0 = Release|Any CPU
	EndGlobalSection
	GlobalSection(SolutionProperties) = preSolution
		HideSolutionNode = FALSE
	EndGlobalSection
	GlobalSection(ExtensibilityGlobals) = postSolution
		SolutionGuid = {8E79585E-6AE7-49D7-974C-D3091A629253}
	EndGlobalSection
EndGlobal
